
Microsoft Visual Studio Solution File, Format Version 12.00
# Visual Studio Version 17
VisualStudioVersion = 17.4.33122.133
MinimumVisualStudioVersion = 10.0.40219.1
Project("{FAE04EC0-301F-11D3-BF4B-00C04F79EFBC}") = "APIStore Invetory Management System", "APIStore Invetory Management System\APIStore Invetory Management System.csproj", "{D3654F8A-8ACA-4F53-8EFE-FF5EF00AA63E}"
EndProject
Global
	GlobalSection(SolutionConfigurationPlatforms) = preSolution
		Debug|Any CPU = Debug|Any CPU
		Release|Any CPU = Release|Any CPU
	EndGlobalSection
	GlobalSection(ProjectConfigurationPlatforms) = postSolution
		{D3654F8A-8ACA-4F53-8EFE-FF5EF00AA63E}.Debug|Any CPU.ActiveCfg = Debug|Any CPU
		{D3654F8A-8ACA-4F53-8EFE-FF5EF00AA63E}.Debug|Any CPU.Build.0 = Debug|Any CPU
		{D3654F8A-8ACA-4F53-8EFE-FF5EF00AA63E}.Release|Any CPU.ActiveCfg = Release|Any CPU
		{D3654F8A-8ACA-4F53-8EFE-FF5EF00AA63E}.Release|Any CPU.Build.0 = Release|Any CPU
	EndGlobalSection
	GlobalSection(SolutionProperties) = preSolution
		HideSolutionNode = FALSE
	EndGlobalSection
	GlobalSection(ExtensibilityGlobals) = postSolution
		SolutionGuid = {9EA2AFF2-EFF4-42F7-AE88-08D9070A2BBE}
	EndGlobalSection
EndGlobal
